// !$*UTF8*$!
{
	archiveVersion = 1;
	classes = {
	};
	objectVersion = 52;
	objects = {

/* Begin PBXBuildFile section */
		64393EFA255BD89F00343AAA /* TextStyles.swift in Sources */ = {isa = PBXBuildFile; fileRef = 64393EF9255BD89F00343AAA /* TextStyles.swift */; };
		64393EFF255BDE8000343AAA /* Colors.swift in Sources */ = {isa = PBXBuildFile; fileRef = 64393EFE255BDE8000343AAA /* Colors.swift */; };
		64478E3A255B5AB4004FB111 /* RavnChallengeV2App.swift in Sources */ = {isa = PBXBuildFile; fileRef = 64478E39255B5AB4004FB111 /* RavnChallengeV2App.swift */; };
		64478E3C255B5AB4004FB111 /* CharacterListView.swift in Sources */ = {isa = PBXBuildFile; fileRef = 64478E3B255B5AB4004FB111 /* CharacterListView.swift */; };
		64478E3E255B5AB6004FB111 /* Assets.xcassets in Resources */ = {isa = PBXBuildFile; fileRef = 64478E3D255B5AB6004FB111 /* Assets.xcassets */; };
		64478E41255B5AB6004FB111 /* Preview Assets.xcassets in Resources */ = {isa = PBXBuildFile; fileRef = 64478E40255B5AB6004FB111 /* Preview Assets.xcassets */; };
		64478E4C255B5AB6004FB111 /* RavnChallengeV2Tests.swift in Sources */ = {isa = PBXBuildFile; fileRef = 64478E4B255B5AB6004FB111 /* RavnChallengeV2Tests.swift */; };
		64478E57255B5AB7004FB111 /* RavnChallengeV2UITests.swift in Sources */ = {isa = PBXBuildFile; fileRef = 64478E56255B5AB7004FB111 /* RavnChallengeV2UITests.swift */; };
		64478E7B255B70EC004FB111 /* Apollo in Frameworks */ = {isa = PBXBuildFile; productRef = 64478E7A255B70EC004FB111 /* Apollo */; };
		64478E81255B7197004FB111 /* NetworkClient.swift in Sources */ = {isa = PBXBuildFile; fileRef = 64478E80255B7197004FB111 /* NetworkClient.swift */; };
		64478E89255B725A004FB111 /* APIData.swift in Sources */ = {isa = PBXBuildFile; fileRef = 64478E88255B725A004FB111 /* APIData.swift */; };
		64478E8F255B76A9004FB111 /* CharacterService.swift in Sources */ = {isa = PBXBuildFile; fileRef = 64478E8E255B76A9004FB111 /* CharacterService.swift */; };
		6474A6F4255BBAFF00D16028 /* CharacterListViewModel.swift in Sources */ = {isa = PBXBuildFile; fileRef = 6474A6F3255BBAFF00D16028 /* CharacterListViewModel.swift */; };
		64AE9A96255BECCB00A59288 /* NavigationBarColor.swift in Sources */ = {isa = PBXBuildFile; fileRef = 64AE9A95255BECCB00A59288 /* NavigationBarColor.swift */; };
		64AE9A9B255BFFCA00A59288 /* CharacterDetailView.swift in Sources */ = {isa = PBXBuildFile; fileRef = 64AE9A9A255BFFCA00A59288 /* CharacterDetailView.swift */; };
		64AE9AB5255C4E2900A59288 /* CharacterDetailViewModel.swift in Sources */ = {isa = PBXBuildFile; fileRef = 64AE9AB4255C4E2900A59288 /* CharacterDetailViewModel.swift */; };
		64AE9ABE255C4F6300A59288 /* StarWarsCharacter.swift in Sources */ = {isa = PBXBuildFile; fileRef = 64AE9ABD255C4F6300A59288 /* StarWarsCharacter.swift */; };
		64AE9AC3255C77D300A59288 /* ReachabilityService.swift in Sources */ = {isa = PBXBuildFile; fileRef = 64AE9AC2255C77D300A59288 /* ReachabilityService.swift */; };
		64AE9AD0255C7D3E00A59288 /* Mocks.swift in Sources */ = {isa = PBXBuildFile; fileRef = 64AE9ACF255C7D3E00A59288 /* Mocks.swift */; };
		64B37913255B87200052DB7B /* schema.json in Resources */ = {isa = PBXBuildFile; fileRef = 64B37912255B87200052DB7B /* schema.json */; };
		64B37918255B87720052DB7B /* CharacterQuery.graphql in Resources */ = {isa = PBXBuildFile; fileRef = 64B37917255B87720052DB7B /* CharacterQuery.graphql */; };
		64F266A8255B9AE700B477DF /* API.swift in Sources */ = {isa = PBXBuildFile; fileRef = 64F266A7255B9AE700B477DF /* API.swift */; };
/* End PBXBuildFile section */

/* Begin PBXContainerItemProxy section */
		64478E48255B5AB6004FB111 /* PBXContainerItemProxy */ = {
			isa = PBXContainerItemProxy;
			containerPortal = 64478E2E255B5AB4004FB111 /* Project object */;
			proxyType = 1;
			remoteGlobalIDString = 64478E35255B5AB4004FB111;
			remoteInfo = RavnChallengeV2;
		};
		64478E53255B5AB7004FB111 /* PBXContainerItemProxy */ = {
			isa = PBXContainerItemProxy;
			containerPortal = 64478E2E255B5AB4004FB111 /* Project object */;
			proxyType = 1;
			remoteGlobalIDString = 64478E35255B5AB4004FB111;
			remoteInfo = RavnChallengeV2;
		};
/* End PBXContainerItemProxy section */

/* Begin PBXFileReference section */
		64393EF9255BD89F00343AAA /* TextStyles.swift */ = {isa = PBXFileReference; lastKnownFileType = sourcecode.swift; path = TextStyles.swift; sourceTree = "<group>"; };
		64393EFE255BDE8000343AAA /* Colors.swift */ = {isa = PBXFileReference; lastKnownFileType = sourcecode.swift; path = Colors.swift; sourceTree = "<group>"; };
		64478E36255B5AB4004FB111 /* RavnChallengeV2.app */ = {isa = PBXFileReference; explicitFileType = wrapper.application; includeInIndex = 0; path = RavnChallengeV2.app; sourceTree = BUILT_PRODUCTS_DIR; };
		64478E39255B5AB4004FB111 /* RavnChallengeV2App.swift */ = {isa = PBXFileReference; lastKnownFileType = sourcecode.swift; path = RavnChallengeV2App.swift; sourceTree = "<group>"; };
		64478E3B255B5AB4004FB111 /* CharacterListView.swift */ = {isa = PBXFileReference; lastKnownFileType = sourcecode.swift; path = CharacterListView.swift; sourceTree = "<group>"; };
		64478E3D255B5AB6004FB111 /* Assets.xcassets */ = {isa = PBXFileReference; lastKnownFileType = folder.assetcatalog; path = Assets.xcassets; sourceTree = "<group>"; };
		64478E40255B5AB6004FB111 /* Preview Assets.xcassets */ = {isa = PBXFileReference; lastKnownFileType = folder.assetcatalog; path = "Preview Assets.xcassets"; sourceTree = "<group>"; };
		64478E42255B5AB6004FB111 /* Info.plist */ = {isa = PBXFileReference; lastKnownFileType = text.plist.xml; path = Info.plist; sourceTree = "<group>"; };
		64478E47255B5AB6004FB111 /* RavnChallengeV2Tests.xctest */ = {isa = PBXFileReference; explicitFileType = wrapper.cfbundle; includeInIndex = 0; path = RavnChallengeV2Tests.xctest; sourceTree = BUILT_PRODUCTS_DIR; };
		64478E4B255B5AB6004FB111 /* RavnChallengeV2Tests.swift */ = {isa = PBXFileReference; lastKnownFileType = sourcecode.swift; path = RavnChallengeV2Tests.swift; sourceTree = "<group>"; };
		64478E4D255B5AB6004FB111 /* Info.plist */ = {isa = PBXFileReference; lastKnownFileType = text.plist.xml; path = Info.plist; sourceTree = "<group>"; };
		64478E52255B5AB7004FB111 /* RavnChallengeV2UITests.xctest */ = {isa = PBXFileReference; explicitFileType = wrapper.cfbundle; includeInIndex = 0; path = RavnChallengeV2UITests.xctest; sourceTree = BUILT_PRODUCTS_DIR; };
		64478E56255B5AB7004FB111 /* RavnChallengeV2UITests.swift */ = {isa = PBXFileReference; lastKnownFileType = sourcecode.swift; path = RavnChallengeV2UITests.swift; sourceTree = "<group>"; };
		64478E58255B5AB7004FB111 /* Info.plist */ = {isa = PBXFileReference; lastKnownFileType = text.plist.xml; path = Info.plist; sourceTree = "<group>"; };
		64478E80255B7197004FB111 /* NetworkClient.swift */ = {isa = PBXFileReference; lastKnownFileType = sourcecode.swift; path = NetworkClient.swift; sourceTree = "<group>"; };
		64478E88255B725A004FB111 /* APIData.swift */ = {isa = PBXFileReference; lastKnownFileType = sourcecode.swift; path = APIData.swift; sourceTree = "<group>"; };
		64478E8E255B76A9004FB111 /* CharacterService.swift */ = {isa = PBXFileReference; lastKnownFileType = sourcecode.swift; path = CharacterService.swift; sourceTree = "<group>"; };
		6474A6F3255BBAFF00D16028 /* CharacterListViewModel.swift */ = {isa = PBXFileReference; lastKnownFileType = sourcecode.swift; path = CharacterListViewModel.swift; sourceTree = "<group>"; };
		64AE9A95255BECCB00A59288 /* NavigationBarColor.swift */ = {isa = PBXFileReference; lastKnownFileType = sourcecode.swift; path = NavigationBarColor.swift; sourceTree = "<group>"; };
		64AE9A9A255BFFCA00A59288 /* CharacterDetailView.swift */ = {isa = PBXFileReference; lastKnownFileType = sourcecode.swift; path = CharacterDetailView.swift; sourceTree = "<group>"; };
		64AE9AB4255C4E2900A59288 /* CharacterDetailViewModel.swift */ = {isa = PBXFileReference; lastKnownFileType = sourcecode.swift; path = CharacterDetailViewModel.swift; sourceTree = "<group>"; };
		64AE9ABD255C4F6300A59288 /* StarWarsCharacter.swift */ = {isa = PBXFileReference; lastKnownFileType = sourcecode.swift; path = StarWarsCharacter.swift; sourceTree = "<group>"; };
		64AE9AC2255C77D300A59288 /* ReachabilityService.swift */ = {isa = PBXFileReference; lastKnownFileType = sourcecode.swift; path = ReachabilityService.swift; sourceTree = "<group>"; };
		64AE9ACF255C7D3E00A59288 /* Mocks.swift */ = {isa = PBXFileReference; lastKnownFileType = sourcecode.swift; path = Mocks.swift; sourceTree = "<group>"; };
		64B37912255B87200052DB7B /* schema.json */ = {isa = PBXFileReference; fileEncoding = 4; lastKnownFileType = text.json; path = schema.json; sourceTree = "<group>"; };
		64B37917255B87720052DB7B /* CharacterQuery.graphql */ = {isa = PBXFileReference; lastKnownFileType = text; path = CharacterQuery.graphql; sourceTree = "<group>"; };
		64F266A7255B9AE700B477DF /* API.swift */ = {isa = PBXFileReference; fileEncoding = 4; lastKnownFileType = sourcecode.swift; path = API.swift; sourceTree = "<group>"; };
/* End PBXFileReference section */

/* Begin PBXFrameworksBuildPhase section */
		64478E33255B5AB4004FB111 /* Frameworks */ = {
			isa = PBXFrameworksBuildPhase;
			buildActionMask = 2147483647;
			files = (
				64478E7B255B70EC004FB111 /* Apollo in Frameworks */,
			);
			runOnlyForDeploymentPostprocessing = 0;
		};
		64478E44255B5AB6004FB111 /* Frameworks */ = {
			isa = PBXFrameworksBuildPhase;
			buildActionMask = 2147483647;
			files = (
			);
			runOnlyForDeploymentPostprocessing = 0;
		};
		64478E4F255B5AB7004FB111 /* Frameworks */ = {
			isa = PBXFrameworksBuildPhase;
			buildActionMask = 2147483647;
			files = (
			);
			runOnlyForDeploymentPostprocessing = 0;
		};
/* End PBXFrameworksBuildPhase section */

/* Begin PBXGroup section */
		64393EF7255BD86300343AAA /* Common */ = {
			isa = PBXGroup;
			children = (
				64393EF8255BD87C00343AAA /* Modifiers */,
				64393EFE255BDE8000343AAA /* Colors.swift */,
			);
			path = Common;
			sourceTree = "<group>";
		};
		64393EF8255BD87C00343AAA /* Modifiers */ = {
			isa = PBXGroup;
			children = (
				64393EF9255BD89F00343AAA /* TextStyles.swift */,
				64AE9A95255BECCB00A59288 /* NavigationBarColor.swift */,
			);
			path = Modifiers;
			sourceTree = "<group>";
		};
		64478E2D255B5AB4004FB111 = {
			isa = PBXGroup;
			children = (
				64478E38255B5AB4004FB111 /* RavnChallengeV2 */,
				64478E4A255B5AB6004FB111 /* RavnChallengeV2Tests */,
				64478E55255B5AB7004FB111 /* RavnChallengeV2UITests */,
				64478E37255B5AB4004FB111 /* Products */,
			);
			sourceTree = "<group>";
		};
		64478E37255B5AB4004FB111 /* Products */ = {
			isa = PBXGroup;
			children = (
				64478E36255B5AB4004FB111 /* RavnChallengeV2.app */,
				64478E47255B5AB6004FB111 /* RavnChallengeV2Tests.xctest */,
				64478E52255B5AB7004FB111 /* RavnChallengeV2UITests.xctest */,
			);
			name = Products;
			sourceTree = "<group>";
		};
		64478E38255B5AB4004FB111 /* RavnChallengeV2 */ = {
			isa = PBXGroup;
			children = (
				64478E6B255B6CF3004FB111 /* SupportingFiles */,
				64478E7F255B714D004FB111 /* Networking */,
				64478E8D255B766A004FB111 /* Services */,
				64AE9ACD255C7CFF00A59288 /* Mocks */,
				64AE9AB9255C4EF900A59288 /* Models */,
				64478E6C255B6D33004FB111 /* Modules */,
				64393EF7255BD86300343AAA /* Common */,
				64478E39255B5AB4004FB111 /* RavnChallengeV2App.swift */,
				64478E3F255B5AB6004FB111 /* Preview Content */,
			);
			path = RavnChallengeV2;
			sourceTree = "<group>";
		};
		64478E3F255B5AB6004FB111 /* Preview Content */ = {
			isa = PBXGroup;
			children = (
				64478E40255B5AB6004FB111 /* Preview Assets.xcassets */,
			);
			path = "Preview Content";
			sourceTree = "<group>";
		};
		64478E4A255B5AB6004FB111 /* RavnChallengeV2Tests */ = {
			isa = PBXGroup;
			children = (
				64478E4B255B5AB6004FB111 /* RavnChallengeV2Tests.swift */,
				64478E4D255B5AB6004FB111 /* Info.plist */,
			);
			path = RavnChallengeV2Tests;
			sourceTree = "<group>";
		};
		64478E55255B5AB7004FB111 /* RavnChallengeV2UITests */ = {
			isa = PBXGroup;
			children = (
				64478E56255B5AB7004FB111 /* RavnChallengeV2UITests.swift */,
				64478E58255B5AB7004FB111 /* Info.plist */,
			);
			path = RavnChallengeV2UITests;
			sourceTree = "<group>";
		};
		64478E6B255B6CF3004FB111 /* SupportingFiles */ = {
			isa = PBXGroup;
			children = (
				64478E3D255B5AB6004FB111 /* Assets.xcassets */,
				64478E42255B5AB6004FB111 /* Info.plist */,
			);
			path = SupportingFiles;
			sourceTree = "<group>";
		};
		64478E6C255B6D33004FB111 /* Modules */ = {
			isa = PBXGroup;
			children = (
				64478E71255B6DAB004FB111 /* CharacterList */,
				64478E72255B6DB3004FB111 /* CharacterDetail */,
			);
			path = Modules;
			sourceTree = "<group>";
		};
		64478E71255B6DAB004FB111 /* CharacterList */ = {
			isa = PBXGroup;
			children = (
				64478E3B255B5AB4004FB111 /* CharacterListView.swift */,
				6474A6F3255BBAFF00D16028 /* CharacterListViewModel.swift */,
			);
			path = CharacterList;
			sourceTree = "<group>";
		};
		64478E72255B6DB3004FB111 /* CharacterDetail */ = {
			isa = PBXGroup;
			children = (
				64AE9A9A255BFFCA00A59288 /* CharacterDetailView.swift */,
				64AE9AB4255C4E2900A59288 /* CharacterDetailViewModel.swift */,
			);
			path = CharacterDetail;
			sourceTree = "<group>";
		};
		64478E7F255B714D004FB111 /* Networking */ = {
			isa = PBXGroup;
			children = (
				64B3790C255B86DC0052DB7B /* GraphQL */,
				64478E88255B725A004FB111 /* APIData.swift */,
				64478E80255B7197004FB111 /* NetworkClient.swift */,
			);
			path = Networking;
			sourceTree = "<group>";
		};
		64478E8D255B766A004FB111 /* Services */ = {
			isa = PBXGroup;
			children = (
				64478E8E255B76A9004FB111 /* CharacterService.swift */,
				64AE9AC2255C77D300A59288 /* ReachabilityService.swift */,
			);
			path = Services;
			sourceTree = "<group>";
		};
		64AE9AB9255C4EF900A59288 /* Models */ = {
			isa = PBXGroup;
			children = (
				64AE9ABD255C4F6300A59288 /* StarWarsCharacter.swift */,
			);
			path = Models;
			sourceTree = "<group>";
		};
		64AE9ACD255C7CFF00A59288 /* Mocks */ = {
			isa = PBXGroup;
			children = (
				64AE9ACF255C7D3E00A59288 /* Mocks.swift */,
			);
			path = Mocks;
			sourceTree = "<group>";
		};
		64B3790C255B86DC0052DB7B /* GraphQL */ = {
			isa = PBXGroup;
			children = (
				64F266A7255B9AE700B477DF /* API.swift */,
				64B37912255B87200052DB7B /* schema.json */,
				64B37917255B87720052DB7B /* CharacterQuery.graphql */,
			);
			path = GraphQL;
			sourceTree = "<group>";
		};
/* End PBXGroup section */

/* Begin PBXNativeTarget section */
		64478E35255B5AB4004FB111 /* RavnChallengeV2 */ = {
			isa = PBXNativeTarget;
			buildConfigurationList = 64478E5B255B5AB7004FB111 /* Build configuration list for PBXNativeTarget "RavnChallengeV2" */;
			buildPhases = (
				64B3791D255B8F8E0052DB7B /* Generate GraphQL */,
				64478E32255B5AB4004FB111 /* Sources */,
				64478E33255B5AB4004FB111 /* Frameworks */,
				64478E34255B5AB4004FB111 /* Resources */,
				64478E67255B60F6004FB111 /* Run Swiftlint */,
			);
			buildRules = (
			);
			dependencies = (
			);
			name = RavnChallengeV2;
			packageProductDependencies = (
				64478E7A255B70EC004FB111 /* Apollo */,
			);
			productName = RavnChallengeV2;
			productReference = 64478E36255B5AB4004FB111 /* RavnChallengeV2.app */;
			productType = "com.apple.product-type.application";
		};
		64478E46255B5AB6004FB111 /* RavnChallengeV2Tests */ = {
			isa = PBXNativeTarget;
			buildConfigurationList = 64478E5E255B5AB7004FB111 /* Build configuration list for PBXNativeTarget "RavnChallengeV2Tests" */;
			buildPhases = (
				64478E43255B5AB6004FB111 /* Sources */,
				64478E44255B5AB6004FB111 /* Frameworks */,
				64478E45255B5AB6004FB111 /* Resources */,
			);
			buildRules = (
			);
			dependencies = (
				64478E49255B5AB6004FB111 /* PBXTargetDependency */,
			);
			name = RavnChallengeV2Tests;
			productName = RavnChallengeV2Tests;
			productReference = 64478E47255B5AB6004FB111 /* RavnChallengeV2Tests.xctest */;
			productType = "com.apple.product-type.bundle.unit-test";
		};
		64478E51255B5AB7004FB111 /* RavnChallengeV2UITests */ = {
			isa = PBXNativeTarget;
			buildConfigurationList = 64478E61255B5AB7004FB111 /* Build configuration list for PBXNativeTarget "RavnChallengeV2UITests" */;
			buildPhases = (
				64478E4E255B5AB7004FB111 /* Sources */,
				64478E4F255B5AB7004FB111 /* Frameworks */,
				64478E50255B5AB7004FB111 /* Resources */,
			);
			buildRules = (
			);
			dependencies = (
				64478E54255B5AB7004FB111 /* PBXTargetDependency */,
			);
			name = RavnChallengeV2UITests;
			productName = RavnChallengeV2UITests;
			productReference = 64478E52255B5AB7004FB111 /* RavnChallengeV2UITests.xctest */;
			productType = "com.apple.product-type.bundle.ui-testing";
		};
/* End PBXNativeTarget section */

/* Begin PBXProject section */
		64478E2E255B5AB4004FB111 /* Project object */ = {
			isa = PBXProject;
			attributes = {
				LastSwiftUpdateCheck = 1210;
				LastUpgradeCheck = 1210;
				TargetAttributes = {
					64478E35255B5AB4004FB111 = {
						CreatedOnToolsVersion = 12.1;
					};
					64478E46255B5AB6004FB111 = {
						CreatedOnToolsVersion = 12.1;
						TestTargetID = 64478E35255B5AB4004FB111;
					};
					64478E51255B5AB7004FB111 = {
						CreatedOnToolsVersion = 12.1;
						TestTargetID = 64478E35255B5AB4004FB111;
					};
				};
			};
			buildConfigurationList = 64478E31255B5AB4004FB111 /* Build configuration list for PBXProject "RavnChallengeV2" */;
			compatibilityVersion = "Xcode 9.3";
			developmentRegion = en;
			hasScannedForEncodings = 0;
			knownRegions = (
				en,
				Base,
			);
			mainGroup = 64478E2D255B5AB4004FB111;
			packageReferences = (
				64478E79255B70EC004FB111 /* XCRemoteSwiftPackageReference "apollo-ios" */,
			);
			productRefGroup = 64478E37255B5AB4004FB111 /* Products */;
			projectDirPath = "";
			projectRoot = "";
			targets = (
				64478E35255B5AB4004FB111 /* RavnChallengeV2 */,
				64478E46255B5AB6004FB111 /* RavnChallengeV2Tests */,
				64478E51255B5AB7004FB111 /* RavnChallengeV2UITests */,
			);
		};
/* End PBXProject section */

/* Begin PBXResourcesBuildPhase section */
		64478E34255B5AB4004FB111 /* Resources */ = {
			isa = PBXResourcesBuildPhase;
			buildActionMask = 2147483647;
			files = (
				64478E41255B5AB6004FB111 /* Preview Assets.xcassets in Resources */,
				64B37913255B87200052DB7B /* schema.json in Resources */,
				64B37918255B87720052DB7B /* CharacterQuery.graphql in Resources */,
				64478E3E255B5AB6004FB111 /* Assets.xcassets in Resources */,
			);
			runOnlyForDeploymentPostprocessing = 0;
		};
		64478E45255B5AB6004FB111 /* Resources */ = {
			isa = PBXResourcesBuildPhase;
			buildActionMask = 2147483647;
			files = (
			);
			runOnlyForDeploymentPostprocessing = 0;
		};
		64478E50255B5AB7004FB111 /* Resources */ = {
			isa = PBXResourcesBuildPhase;
			buildActionMask = 2147483647;
			files = (
			);
			runOnlyForDeploymentPostprocessing = 0;
		};
/* End PBXResourcesBuildPhase section */

/* Begin PBXShellScriptBuildPhase section */
		64478E67255B60F6004FB111 /* Run Swiftlint */ = {
			isa = PBXShellScriptBuildPhase;
			buildActionMask = 2147483647;
			files = (
			);
			inputFileListPaths = (
			);
			inputPaths = (
			);
			name = "Run Swiftlint";
			outputFileListPaths = (
			);
			outputPaths = (
			);
			runOnlyForDeploymentPostprocessing = 0;
			shellPath = /bin/sh;
			shellScript = "if which swiftlint >/dev/null; then\n  swiftlint\nelse\n  echo \"warning: SwiftLint not installed, download from https://github.com/realm/SwiftLint\"\nfi\n";
		};
		64B3791D255B8F8E0052DB7B /* Generate GraphQL */ = {
			isa = PBXShellScriptBuildPhase;
			buildActionMask = 8;
			files = (
			);
			inputFileListPaths = (
			);
			inputPaths = (
			);
			name = "Generate GraphQL";
			outputFileListPaths = (
			);
			outputPaths = (
			);
			runOnlyForDeploymentPostprocessing = 1;
			shellPath = /bin/sh;
			shellScript = "# Go to the build root and search up the chain to find the Derived Data Path where the source packages are checked out.\nDERIVED_DATA_CANDIDATE=\"${BUILD_ROOT}\"\n\nwhile ! [ -d \"${DERIVED_DATA_CANDIDATE}/SourcePackages\" ]; do\n  if [ \"${DERIVED_DATA_CANDIDATE}\" = / ]; then\n    echo >&2 \"error: Unable to locate SourcePackages directory from BUILD_ROOT: '${BUILD_ROOT}'\"\n    exit 1\n  fi\n\n  DERIVED_DATA_CANDIDATE=\"$(dirname \"${DERIVED_DATA_CANDIDATE}\")\"\ndone\n\n# Grab a reference to the directory where scripts are checked out\nSCRIPT_PATH=\"${DERIVED_DATA_CANDIDATE}/SourcePackages/checkouts/apollo-ios/scripts\"\n\nif [ -z \"${SCRIPT_PATH}\" ]; then\n    echo >&2 \"error: Couldn't find the CLI script in your checked out SPM packages; make sure to add the framework to your project.\"\n    exit 1\nfi\n\ncd \"${SRCROOT}/${TARGET_NAME}\"\n\"${SCRIPT_PATH}\"/run-bundled-codegen.sh codegen:generate --target=swift --includes=./**/*.graphql --localSchemaFile=\"Networking/GraphQL/schema.json\" Networking/GraphQL/API.swift\n";
		};
/* End PBXShellScriptBuildPhase section */

/* Begin PBXSourcesBuildPhase section */
		64478E32255B5AB4004FB111 /* Sources */ = {
			isa = PBXSourcesBuildPhase;
			buildActionMask = 2147483647;
			files = (
				64AE9AC3255C77D300A59288 /* ReachabilityService.swift in Sources */,
				64478E8F255B76A9004FB111 /* CharacterService.swift in Sources */,
				64AE9A9B255BFFCA00A59288 /* CharacterDetailView.swift in Sources */,
				64393EFF255BDE8000343AAA /* Colors.swift in Sources */,
				64478E3C255B5AB4004FB111 /* CharacterListView.swift in Sources */,
				64478E3A255B5AB4004FB111 /* RavnChallengeV2App.swift in Sources */,
				64AE9AD0255C7D3E00A59288 /* Mocks.swift in Sources */,
				6474A6F4255BBAFF00D16028 /* CharacterListViewModel.swift in Sources */,
				64AE9A96255BECCB00A59288 /* NavigationBarColor.swift in Sources */,
				64393EFA255BD89F00343AAA /* TextStyles.swift in Sources */,
				64478E89255B725A004FB111 /* APIData.swift in Sources */,
				64AE9AB5255C4E2900A59288 /* CharacterDetailViewModel.swift in Sources */,
				64AE9ABE255C4F6300A59288 /* StarWarsCharacter.swift in Sources */,
				64F266A8255B9AE700B477DF /* API.swift in Sources */,
				64478E81255B7197004FB111 /* NetworkClient.swift in Sources */,
			);
			runOnlyForDeploymentPostprocessing = 0;
		};
		64478E43255B5AB6004FB111 /* Sources */ = {
			isa = PBXSourcesBuildPhase;
			buildActionMask = 2147483647;
			files = (
				64478E4C255B5AB6004FB111 /* RavnChallengeV2Tests.swift in Sources */,
			);
			runOnlyForDeploymentPostprocessing = 0;
		};
		64478E4E255B5AB7004FB111 /* Sources */ = {
			isa = PBXSourcesBuildPhase;
			buildActionMask = 2147483647;
			files = (
				64478E57255B5AB7004FB111 /* RavnChallengeV2UITests.swift in Sources */,
			);
			runOnlyForDeploymentPostprocessing = 0;
		};
/* End PBXSourcesBuildPhase section */

/* Begin PBXTargetDependency section */
		64478E49255B5AB6004FB111 /* PBXTargetDependency */ = {
			isa = PBXTargetDependency;
			target = 64478E35255B5AB4004FB111 /* RavnChallengeV2 */;
			targetProxy = 64478E48255B5AB6004FB111 /* PBXContainerItemProxy */;
		};
		64478E54255B5AB7004FB111 /* PBXTargetDependency */ = {
			isa = PBXTargetDependency;
			target = 64478E35255B5AB4004FB111 /* RavnChallengeV2 */;
			targetProxy = 64478E53255B5AB7004FB111 /* PBXContainerItemProxy */;
		};
/* End PBXTargetDependency section */

/* Begin XCBuildConfiguration section */
		64478E59255B5AB7004FB111 /* Debug */ = {
			isa = XCBuildConfiguration;
			buildSettings = {
				ALWAYS_SEARCH_USER_PATHS = NO;
				CLANG_ANALYZER_NONNULL = YES;
				CLANG_ANALYZER_NUMBER_OBJECT_CONVERSION = YES_AGGRESSIVE;
				CLANG_CXX_LANGUAGE_STANDARD = "gnu++14";
				CLANG_CXX_LIBRARY = "libc++";
				CLANG_ENABLE_MODULES = YES;
				CLANG_ENABLE_OBJC_ARC = YES;
				CLANG_ENABLE_OBJC_WEAK = YES;
				CLANG_WARN_BLOCK_CAPTURE_AUTORELEASING = YES;
				CLANG_WARN_BOOL_CONVERSION = YES;
				CLANG_WARN_COMMA = YES;
				CLANG_WARN_CONSTANT_CONVERSION = YES;
				CLANG_WARN_DEPRECATED_OBJC_IMPLEMENTATIONS = YES;
				CLANG_WARN_DIRECT_OBJC_ISA_USAGE = YES_ERROR;
				CLANG_WARN_DOCUMENTATION_COMMENTS = YES;
				CLANG_WARN_EMPTY_BODY = YES;
				CLANG_WARN_ENUM_CONVERSION = YES;
				CLANG_WARN_INFINITE_RECURSION = YES;
				CLANG_WARN_INT_CONVERSION = YES;
				CLANG_WARN_NON_LITERAL_NULL_CONVERSION = YES;
				CLANG_WARN_OBJC_IMPLICIT_RETAIN_SELF = YES;
				CLANG_WARN_OBJC_LITERAL_CONVERSION = YES;
				CLANG_WARN_OBJC_ROOT_CLASS = YES_ERROR;
				CLANG_WARN_QUOTED_INCLUDE_IN_FRAMEWORK_HEADER = YES;
				CLANG_WARN_RANGE_LOOP_ANALYSIS = YES;
				CLANG_WARN_STRICT_PROTOTYPES = YES;
				CLANG_WARN_SUSPICIOUS_MOVE = YES;
				CLANG_WARN_UNGUARDED_AVAILABILITY = YES_AGGRESSIVE;
				CLANG_WARN_UNREACHABLE_CODE = YES;
				CLANG_WARN__DUPLICATE_METHOD_MATCH = YES;
				COPY_PHASE_STRIP = NO;
				DEBUG_INFORMATION_FORMAT = dwarf;
				ENABLE_STRICT_OBJC_MSGSEND = YES;
				ENABLE_TESTABILITY = YES;
				GCC_C_LANGUAGE_STANDARD = gnu11;
				GCC_DYNAMIC_NO_PIC = NO;
				GCC_NO_COMMON_BLOCKS = YES;
				GCC_OPTIMIZATION_LEVEL = 0;
				GCC_PREPROCESSOR_DEFINITIONS = (
					"DEBUG=1",
					"$(inherited)",
				);
				GCC_WARN_64_TO_32_BIT_CONVERSION = YES;
				GCC_WARN_ABOUT_RETURN_TYPE = YES_ERROR;
				GCC_WARN_UNDECLARED_SELECTOR = YES;
				GCC_WARN_UNINITIALIZED_AUTOS = YES_AGGRESSIVE;
				GCC_WARN_UNUSED_FUNCTION = YES;
				GCC_WARN_UNUSED_VARIABLE = YES;
				IPHONEOS_DEPLOYMENT_TARGET = 14.1;
				MTL_ENABLE_DEBUG_INFO = INCLUDE_SOURCE;
				MTL_FAST_MATH = YES;
				ONLY_ACTIVE_ARCH = YES;
				SDKROOT = iphoneos;
				SWIFT_ACTIVE_COMPILATION_CONDITIONS = DEBUG;
				SWIFT_OPTIMIZATION_LEVEL = "-Onone";
			};
			name = Debug;
		};
		64478E5A255B5AB7004FB111 /* Release */ = {
			isa = XCBuildConfiguration;
			buildSettings = {
				ALWAYS_SEARCH_USER_PATHS = NO;
				CLANG_ANALYZER_NONNULL = YES;
				CLANG_ANALYZER_NUMBER_OBJECT_CONVERSION = YES_AGGRESSIVE;
				CLANG_CXX_LANGUAGE_STANDARD = "gnu++14";
				CLANG_CXX_LIBRARY = "libc++";
				CLANG_ENABLE_MODULES = YES;
				CLANG_ENABLE_OBJC_ARC = YES;
				CLANG_ENABLE_OBJC_WEAK = YES;
				CLANG_WARN_BLOCK_CAPTURE_AUTORELEASING = YES;
				CLANG_WARN_BOOL_CONVERSION = YES;
				CLANG_WARN_COMMA = YES;
				CLANG_WARN_CONSTANT_CONVERSION = YES;
				CLANG_WARN_DEPRECATED_OBJC_IMPLEMENTATIONS = YES;
				CLANG_WARN_DIRECT_OBJC_ISA_USAGE = YES_ERROR;
				CLANG_WARN_DOCUMENTATION_COMMENTS = YES;
				CLANG_WARN_EMPTY_BODY = YES;
				CLANG_WARN_ENUM_CONVERSION = YES;
				CLANG_WARN_INFINITE_RECURSION = YES;
				CLANG_WARN_INT_CONVERSION = YES;
				CLANG_WARN_NON_LITERAL_NULL_CONVERSION = YES;
				CLANG_WARN_OBJC_IMPLICIT_RETAIN_SELF = YES;
				CLANG_WARN_OBJC_LITERAL_CONVERSION = YES;
				CLANG_WARN_OBJC_ROOT_CLASS = YES_ERROR;
				CLANG_WARN_QUOTED_INCLUDE_IN_FRAMEWORK_HEADER = YES;
				CLANG_WARN_RANGE_LOOP_ANALYSIS = YES;
				CLANG_WARN_STRICT_PROTOTYPES = YES;
				CLANG_WARN_SUSPICIOUS_MOVE = YES;
				CLANG_WARN_UNGUARDED_AVAILABILITY = YES_AGGRESSIVE;
				CLANG_WARN_UNREACHABLE_CODE = YES;
				CLANG_WARN__DUPLICATE_METHOD_MATCH = YES;
				COPY_PHASE_STRIP = NO;
				DEBUG_INFORMATION_FORMAT = "dwarf-with-dsym";
				ENABLE_NS_ASSERTIONS = NO;
				ENABLE_STRICT_OBJC_MSGSEND = YES;
				GCC_C_LANGUAGE_STANDARD = gnu11;
				GCC_NO_COMMON_BLOCKS = YES;
				GCC_WARN_64_TO_32_BIT_CONVERSION = YES;
				GCC_WARN_ABOUT_RETURN_TYPE = YES_ERROR;
				GCC_WARN_UNDECLARED_SELECTOR = YES;
				GCC_WARN_UNINITIALIZED_AUTOS = YES_AGGRESSIVE;
				GCC_WARN_UNUSED_FUNCTION = YES;
				GCC_WARN_UNUSED_VARIABLE = YES;
				IPHONEOS_DEPLOYMENT_TARGET = 14.1;
				MTL_ENABLE_DEBUG_INFO = NO;
				MTL_FAST_MATH = YES;
				SDKROOT = iphoneos;
				SWIFT_COMPILATION_MODE = wholemodule;
				SWIFT_OPTIMIZATION_LEVEL = "-O";
				VALIDATE_PRODUCT = YES;
			};
			name = Release;
		};
		64478E5C255B5AB7004FB111 /* Debug */ = {
			isa = XCBuildConfiguration;
			buildSettings = {
				ASSETCATALOG_COMPILER_APPICON_NAME = AppIcon;
				ASSETCATALOG_COMPILER_GLOBAL_ACCENT_COLOR_NAME = AccentColor;
				CODE_SIGN_IDENTITY = "Apple Development";
				CODE_SIGN_STYLE = Automatic;
				DEVELOPMENT_ASSET_PATHS = "\"RavnChallengeV2/Preview Content\"";
				DEVELOPMENT_TEAM = "";
				ENABLE_PREVIEWS = YES;
				INFOPLIST_FILE = "$(SRCROOT)/RavnChallengeV2/SupportingFiles/Info.plist";
				IPHONEOS_DEPLOYMENT_TARGET = 14.0;
				LD_RUNPATH_SEARCH_PATHS = (
					"$(inherited)",
					"@executable_path/Frameworks",
				);
				PRODUCT_BUNDLE_IDENTIFIER = dev.manuelsanchez.RavnChallengeV2;
				PRODUCT_NAME = "$(TARGET_NAME)";
				PROVISIONING_PROFILE_SPECIFIER = "";
				SWIFT_VERSION = 5.0;
				TARGETED_DEVICE_FAMILY = "1,2";
			};
			name = Debug;
		};
		64478E5D255B5AB7004FB111 /* Release */ = {
			isa = XCBuildConfiguration;
			buildSettings = {
				ASSETCATALOG_COMPILER_APPICON_NAME = AppIcon;
				ASSETCATALOG_COMPILER_GLOBAL_ACCENT_COLOR_NAME = AccentColor;
				CODE_SIGN_IDENTITY = "Apple Development";
				CODE_SIGN_STYLE = Automatic;
				DEVELOPMENT_ASSET_PATHS = "\"RavnChallengeV2/Preview Content\"";
				DEVELOPMENT_TEAM = "";
				ENABLE_PREVIEWS = YES;
				INFOPLIST_FILE = "$(SRCROOT)/RavnChallengeV2/SupportingFiles/Info.plist";
				IPHONEOS_DEPLOYMENT_TARGET = 14.0;
				LD_RUNPATH_SEARCH_PATHS = (
					"$(inherited)",
					"@executable_path/Frameworks",
				);
				PRODUCT_BUNDLE_IDENTIFIER = dev.manuelsanchez.RavnChallengeV2;
				PRODUCT_NAME = "$(TARGET_NAME)";
				PROVISIONING_PROFILE_SPECIFIER = "";
				SWIFT_VERSION = 5.0;
				TARGETED_DEVICE_FAMILY = "1,2";
			};
			name = Release;
		};
		64478E5F255B5AB7004FB111 /* Debug */ = {
			isa = XCBuildConfiguration;
			buildSettings = {
				ALWAYS_EMBED_SWIFT_STANDARD_LIBRARIES = YES;
				BUNDLE_LOADER = "$(TEST_HOST)";
				CODE_SIGN_STYLE = Automatic;
				INFOPLIST_FILE = RavnChallengeV2Tests/Info.plist;
				IPHONEOS_DEPLOYMENT_TARGET = 14.0;
				LD_RUNPATH_SEARCH_PATHS = (
					"$(inherited)",
					"@executable_path/Frameworks",
					"@loader_path/Frameworks",
				);
				PRODUCT_BUNDLE_IDENTIFIER = dev.manuelsanchez.RavnChallengeV2Tests;
				PRODUCT_NAME = "$(TARGET_NAME)";
				SWIFT_VERSION = 5.0;
				TARGETED_DEVICE_FAMILY = "1,2";
				TEST_HOST = "$(BUILT_PRODUCTS_DIR)/RavnChallengeV2.app/RavnChallengeV2";
			};
			name = Debug;
		};
		64478E60255B5AB7004FB111 /* Release */ = {
			isa = XCBuildConfiguration;
			buildSettings = {
				ALWAYS_EMBED_SWIFT_STANDARD_LIBRARIES = YES;
				BUNDLE_LOADER = "$(TEST_HOST)";
				CODE_SIGN_STYLE = Automatic;
				INFOPLIST_FILE = RavnChallengeV2Tests/Info.plist;
				IPHONEOS_DEPLOYMENT_TARGET = 14.0;
				LD_RUNPATH_SEARCH_PATHS = (
					"$(inherited)",
					"@executable_path/Frameworks",
					"@loader_path/Frameworks",
				);
				PRODUCT_BUNDLE_IDENTIFIER = dev.manuelsanchez.RavnChallengeV2Tests;
				PRODUCT_NAME = "$(TARGET_NAME)";
				SWIFT_VERSION = 5.0;
				TARGETED_DEVICE_FAMILY = "1,2";
				TEST_HOST = "$(BUILT_PRODUCTS_DIR)/RavnChallengeV2.app/RavnChallengeV2";
			};
			name = Release;
		};
		64478E62255B5AB7004FB111 /* Debug */ = {
			isa = XCBuildConfiguration;
			buildSettings = {
				ALWAYS_EMBED_SWIFT_STANDARD_LIBRARIES = YES;
				CODE_SIGN_STYLE = Automatic;
				INFOPLIST_FILE = RavnChallengeV2UITests/Info.plist;
				LD_RUNPATH_SEARCH_PATHS = (
					"$(inherited)",
					"@executable_path/Frameworks",
					"@loader_path/Frameworks",
				);
				PRODUCT_BUNDLE_IDENTIFIER = dev.manuelsanchez.RavnChallengeV2UITests;
				PRODUCT_NAME = "$(TARGET_NAME)";
				SWIFT_VERSION = 5.0;
				TARGETED_DEVICE_FAMILY = "1,2";
				TEST_TARGET_NAME = RavnChallengeV2;
			};
			name = Debug;
		};
		64478E63255B5AB7004FB111 /* Release */ = {
			isa = XCBuildConfiguration;
			buildSettings = {
				ALWAYS_EMBED_SWIFT_STANDARD_LIBRARIES = YES;
				CODE_SIGN_STYLE = Automatic;
				INFOPLIST_FILE = RavnChallengeV2UITests/Info.plist;
				LD_RUNPATH_SEARCH_PATHS = (
					"$(inherited)",
					"@executable_path/Frameworks",
					"@loader_path/Frameworks",
				);
				PRODUCT_BUNDLE_IDENTIFIER = dev.manuelsanchez.RavnChallengeV2UITests;
				PRODUCT_NAME = "$(TARGET_NAME)";
				SWIFT_VERSION = 5.0;
				TARGETED_DEVICE_FAMILY = "1,2";
				TEST_TARGET_NAME = RavnChallengeV2;
			};
			name = Release;
		};
/* End XCBuildConfiguration section */

/* Begin XCConfigurationList section */
		64478E31255B5AB4004FB111 /* Build configuration list for PBXProject "RavnChallengeV2" */ = {
			isa = XCConfigurationList;
			buildConfigurations = (
				64478E59255B5AB7004FB111 /* Debug */,
				64478E5A255B5AB7004FB111 /* Release */,
			);
			defaultConfigurationIsVisible = 0;
			defaultConfigurationName = Release;
		};
		64478E5B255B5AB7004FB111 /* Build configuration list for PBXNativeTarget "RavnChallengeV2" */ = {
			isa = XCConfigurationList;
			buildConfigurations = (
				64478E5C255B5AB7004FB111 /* Debug */,
				64478E5D255B5AB7004FB111 /* Release */,
			);
			defaultConfigurationIsVisible = 0;
			defaultConfigurationName = Release;
		};
		64478E5E255B5AB7004FB111 /* Build configuration list for PBXNativeTarget "RavnChallengeV2Tests" */ = {
			isa = XCConfigurationList;
			buildConfigurations = (
				64478E5F255B5AB7004FB111 /* Debug */,
				64478E60255B5AB7004FB111 /* Release */,
			);
			defaultConfigurationIsVisible = 0;
			defaultConfigurationName = Release;
		};
		64478E61255B5AB7004FB111 /* Build configuration list for PBXNativeTarget "RavnChallengeV2UITests" */ = {
			isa = XCConfigurationList;
			buildConfigurations = (
				64478E62255B5AB7004FB111 /* Debug */,
				64478E63255B5AB7004FB111 /* Release */,
			);
			defaultConfigurationIsVisible = 0;
			defaultConfigurationName = Release;
		};
/* End XCConfigurationList section */

/* Begin XCRemoteSwiftPackageReference section */
		64478E79255B70EC004FB111 /* XCRemoteSwiftPackageReference "apollo-ios" */ = {
			isa = XCRemoteSwiftPackageReference;
			repositoryURL = "https://github.com/apollographql/apollo-ios.git";
			requirement = {
				kind = upToNextMinorVersion;
				minimumVersion = 0.36.0;
			};
		};
/* End XCRemoteSwiftPackageReference section */

/* Begin XCSwiftPackageProductDependency section */
		64478E7A255B70EC004FB111 /* Apollo */ = {
			isa = XCSwiftPackageProductDependency;
			package = 64478E79255B70EC004FB111 /* XCRemoteSwiftPackageReference "apollo-ios" */;
			productName = Apollo;
		};
/* End XCSwiftPackageProductDependency section */
	};
	rootObject = 64478E2E255B5AB4004FB111 /* Project object */;
}
